# generated by rye
# use `rye lock` or `rye sync` to update this lockfile
#
# last locked with the following flags:
#   pre: false
#   features: []
#   all-features: false
#   with-sources: false
#   generate-hashes: false
#   universal: false

asgiref==3.8.1
    # via django
django==5.1.4
    # via djangorestframework
    # via djangorestframework-simplejwt
djangorestframework==3.15.2
    # via djangorestframework-simplejwt
djangorestframework-simplejwt==5.3.1
psycopg2-binary==2.9.10
pyjwt==2.10.1
    # via djangorestframework-simplejwt
sqlparse==0.5.2
    # via django
